
Microsoft Visual Studio Solution File, Format Version 12.00
# Visual Studio Version 16
VisualStudioVersion = 16.0.29613.14
MinimumVisualStudioVersion = 10.0.40219.1
Project("{FAE04EC0-301F-11D3-BF4B-00C04F79EFBC}") = "Proyecto Final Sim", "Proyecto Final Sim\Proyecto Final Sim.csproj", "{0D5CB5FF-3A14-4F7D-ACE3-1C6D662227CA}"
EndProject
Global
	GlobalSection(SolutionConfigurationPlatforms) = preSolution
		Debug|Any CPU = Debug|Any CPU
		Release|Any CPU = Release|Any CPU
	EndGlobalSection
	GlobalSection(ProjectConfigurationPlatforms) = postSolution
		{0D5CB5FF-3A14-4F7D-ACE3-1C6D662227CA}.Debug|Any CPU.ActiveCfg = Debug|Any CPU
		{0D5CB5FF-3A14-4F7D-ACE3-1C6D662227CA}.Debug|Any CPU.Build.0 = Debug|Any CPU
		{0D5CB5FF-3A14-4F7D-ACE3-1C6D662227CA}.Release|Any CPU.ActiveCfg = Release|Any CPU
		{0D5CB5FF-3A14-4F7D-ACE3-1C6D662227CA}.Release|Any CPU.Build.0 = Release|Any CPU
	EndGlobalSection
	GlobalSection(SolutionProperties) = preSolution
		HideSolutionNode = FALSE
	EndGlobalSection
	GlobalSection(ExtensibilityGlobals) = postSolution
		SolutionGuid = {B145692C-ABC8-4665-B9F1-987C082A96D4}
	EndGlobalSection
EndGlobal
